
Microsoft Visual Studio Solution File, Format Version 12.00
# Visual Studio Version 17
VisualStudioVersion = 17.0.31903.59
MinimumVisualStudioVersion = 10.0.40219.1
Project("{2150E333-8FDC-42A3-9474-1A3956D46DE8}") = "UnitTests", "UnitTests", "{28557994-11EF-479E-BCAD-D85FAD49FCAE}"
EndProject
Project("{FAE04EC0-301F-11D3-BF4B-00C04F79EFBC}") = "CalculatorTests", "UnitTests\CalculatorTests\CalculatorTests.csproj", "{85BFEEE0-3256-40BC-BE03-ADA941E33978}"
EndProject
Project("{FAE04EC0-301F-11D3-BF4B-00C04F79EFBC}") = "Calculator", "UnitTests\Calculator\Calculator.csproj", "{8E60EE58-92BC-4672-9338-221E7870BC81}"
EndProject
Global
	GlobalSection(SolutionConfigurationPlatforms) = preSolution
		Debug|Any CPU = Debug|Any CPU
		Release|Any CPU = Release|Any CPU
	EndGlobalSection
	GlobalSection(SolutionProperties) = preSolution
		HideSolutionNode = FALSE
	EndGlobalSection
	GlobalSection(ProjectConfigurationPlatforms) = postSolution
		{85BFEEE0-3256-40BC-BE03-ADA941E33978}.Debug|Any CPU.ActiveCfg = Debug|Any CPU
		{85BFEEE0-3256-40BC-BE03-ADA941E33978}.Debug|Any CPU.Build.0 = Debug|Any CPU
		{85BFEEE0-3256-40BC-BE03-ADA941E33978}.Release|Any CPU.ActiveCfg = Release|Any CPU
		{85BFEEE0-3256-40BC-BE03-ADA941E33978}.Release|Any CPU.Build.0 = Release|Any CPU
		{8E60EE58-92BC-4672-9338-221E7870BC81}.Debug|Any CPU.ActiveCfg = Debug|Any CPU
		{8E60EE58-92BC-4672-9338-221E7870BC81}.Debug|Any CPU.Build.0 = Debug|Any CPU
		{8E60EE58-92BC-4672-9338-221E7870BC81}.Release|Any CPU.ActiveCfg = Release|Any CPU
		{8E60EE58-92BC-4672-9338-221E7870BC81}.Release|Any CPU.Build.0 = Release|Any CPU
	EndGlobalSection
	GlobalSection(NestedProjects) = preSolution
		{85BFEEE0-3256-40BC-BE03-ADA941E33978} = {28557994-11EF-479E-BCAD-D85FAD49FCAE}
		{8E60EE58-92BC-4672-9338-221E7870BC81} = {28557994-11EF-479E-BCAD-D85FAD49FCAE}
	EndGlobalSection
EndGlobal
