
Microsoft Visual Studio Solution File, Format Version 12.00
# Visual Studio Version 17
VisualStudioVersion = 17.10.34928.147
MinimumVisualStudioVersion = 10.0.40219.1
Project("{FAE04EC0-301F-11D3-BF4B-00C04F79EFBC}") = "ClientData", "ClientData.csproj", "{A6361204-A008-4320-B9E7-38335B3F6A99}"
EndProject
Global
	GlobalSection(SolutionConfigurationPlatforms) = preSolution
		Debug|Any CPU = Debug|Any CPU
		Release|Any CPU = Release|Any CPU
	EndGlobalSection
	GlobalSection(ProjectConfigurationPlatforms) = postSolution
		{A6361204-A008-4320-B9E7-38335B3F6A99}.Debug|Any CPU.ActiveCfg = Debug|Any CPU
		{A6361204-A008-4320-B9E7-38335B3F6A99}.Debug|Any CPU.Build.0 = Debug|Any CPU
		{A6361204-A008-4320-B9E7-38335B3F6A99}.Release|Any CPU.ActiveCfg = Release|Any CPU
		{A6361204-A008-4320-B9E7-38335B3F6A99}.Release|Any CPU.Build.0 = Release|Any CPU
	EndGlobalSection
	GlobalSection(SolutionProperties) = preSolution
		HideSolutionNode = FALSE
	EndGlobalSection
	GlobalSection(ExtensibilityGlobals) = postSolution
		SolutionGuid = {55BC3426-2500-481E-909D-F7D9F6530444}
	EndGlobalSection
EndGlobal
