
Microsoft Visual Studio Solution File, Format Version 12.00
# Visual Studio Version 17
VisualStudioVersion = 17.10.34928.147
MinimumVisualStudioVersion = 10.0.40219.1
Project("{FAE04EC0-301F-11D3-BF4B-00C04F79EFBC}") = "plainAreae", "plainAreae.csproj", "{9A91B8AB-1964-4691-8EDA-5D9E7AC413EC}"
EndProject
Global
	GlobalSection(SolutionConfigurationPlatforms) = preSolution
		Debug|Any CPU = Debug|Any CPU
		Release|Any CPU = Release|Any CPU
	EndGlobalSection
	GlobalSection(ProjectConfigurationPlatforms) = postSolution
		{9A91B8AB-1964-4691-8EDA-5D9E7AC413EC}.Debug|Any CPU.ActiveCfg = Debug|Any CPU
		{9A91B8AB-1964-4691-8EDA-5D9E7AC413EC}.Debug|Any CPU.Build.0 = Debug|Any CPU
		{9A91B8AB-1964-4691-8EDA-5D9E7AC413EC}.Release|Any CPU.ActiveCfg = Release|Any CPU
		{9A91B8AB-1964-4691-8EDA-5D9E7AC413EC}.Release|Any CPU.Build.0 = Release|Any CPU
	EndGlobalSection
	GlobalSection(SolutionProperties) = preSolution
		HideSolutionNode = FALSE
	EndGlobalSection
	GlobalSection(ExtensibilityGlobals) = postSolution
		SolutionGuid = {B81BB9A9-7CAC-4E85-8DF3-BAA267D1305C}
	EndGlobalSection
EndGlobal
