
Microsoft Visual Studio Solution File, Format Version 12.00
# Visual Studio Version 17
VisualStudioVersion = 17.10.34928.147
MinimumVisualStudioVersion = 10.0.40219.1
Project("{FAE04EC0-301F-11D3-BF4B-00C04F79EFBC}") = "area1", "area1.csproj", "{34BEE571-971D-46EC-8202-E3C374E71471}"
EndProject
Global
	GlobalSection(SolutionConfigurationPlatforms) = preSolution
		Debug|Any CPU = Debug|Any CPU
		Release|Any CPU = Release|Any CPU
	EndGlobalSection
	GlobalSection(ProjectConfigurationPlatforms) = postSolution
		{34BEE571-971D-46EC-8202-E3C374E71471}.Debug|Any CPU.ActiveCfg = Debug|Any CPU
		{34BEE571-971D-46EC-8202-E3C374E71471}.Debug|Any CPU.Build.0 = Debug|Any CPU
		{34BEE571-971D-46EC-8202-E3C374E71471}.Release|Any CPU.ActiveCfg = Release|Any CPU
		{34BEE571-971D-46EC-8202-E3C374E71471}.Release|Any CPU.Build.0 = Release|Any CPU
	EndGlobalSection
	GlobalSection(SolutionProperties) = preSolution
		HideSolutionNode = FALSE
	EndGlobalSection
	GlobalSection(ExtensibilityGlobals) = postSolution
		SolutionGuid = {80399069-5D82-456A-B9D9-C111CC18DCDB}
	EndGlobalSection
EndGlobal
