
Microsoft Visual Studio Solution File, Format Version 12.00
# Visual Studio Version 17
VisualStudioVersion = 17.10.34928.147
MinimumVisualStudioVersion = 10.0.40219.1
Project("{FAE04EC0-301F-11D3-BF4B-00C04F79EFBC}") = "DoubleTriangleArea", "DoubleTriangleArea.csproj", "{B733A156-1012-4800-B6E4-056755A82B62}"
EndProject
Global
	GlobalSection(SolutionConfigurationPlatforms) = preSolution
		Debug|Any CPU = Debug|Any CPU
		Release|Any CPU = Release|Any CPU
	EndGlobalSection
	GlobalSection(ProjectConfigurationPlatforms) = postSolution
		{B733A156-1012-4800-B6E4-056755A82B62}.Debug|Any CPU.ActiveCfg = Debug|Any CPU
		{B733A156-1012-4800-B6E4-056755A82B62}.Debug|Any CPU.Build.0 = Debug|Any CPU
		{B733A156-1012-4800-B6E4-056755A82B62}.Release|Any CPU.ActiveCfg = Release|Any CPU
		{B733A156-1012-4800-B6E4-056755A82B62}.Release|Any CPU.Build.0 = Release|Any CPU
	EndGlobalSection
	GlobalSection(SolutionProperties) = preSolution
		HideSolutionNode = FALSE
	EndGlobalSection
	GlobalSection(ExtensibilityGlobals) = postSolution
		SolutionGuid = {04A639BC-82FA-4C26-BE07-EA806FAE3257}
	EndGlobalSection
EndGlobal
