
Microsoft Visual Studio Solution File, Format Version 12.00
# Visual Studio Version 17
VisualStudioVersion = 17.9.34728.123
MinimumVisualStudioVersion = 10.0.40219.1
Project("{FAE04EC0-301F-11D3-BF4B-00C04F79EFBC}") = "InputData", "InputData.csproj", "{7AC85F97-92E4-409F-8895-ED0EB2E01728}"
EndProject
Global
	GlobalSection(SolutionConfigurationPlatforms) = preSolution
		Debug|Any CPU = Debug|Any CPU
		Release|Any CPU = Release|Any CPU
	EndGlobalSection
	GlobalSection(ProjectConfigurationPlatforms) = postSolution
		{7AC85F97-92E4-409F-8895-ED0EB2E01728}.Debug|Any CPU.ActiveCfg = Debug|Any CPU
		{7AC85F97-92E4-409F-8895-ED0EB2E01728}.Debug|Any CPU.Build.0 = Debug|Any CPU
		{7AC85F97-92E4-409F-8895-ED0EB2E01728}.Release|Any CPU.ActiveCfg = Release|Any CPU
		{7AC85F97-92E4-409F-8895-ED0EB2E01728}.Release|Any CPU.Build.0 = Release|Any CPU
	EndGlobalSection
	GlobalSection(SolutionProperties) = preSolution
		HideSolutionNode = FALSE
	EndGlobalSection
	GlobalSection(ExtensibilityGlobals) = postSolution
		SolutionGuid = {4203EB03-0A67-40C4-9468-ECD56D48F616}
	EndGlobalSection
EndGlobal
