
Microsoft Visual Studio Solution File, Format Version 12.00
# Visual Studio Version 17
VisualStudioVersion = 17.5.002.0
MinimumVisualStudioVersion = 10.0.40219.1
Project("{9A19103F-16F7-4668-BE54-9A1E7A4F7556}") = "Calculator", "Calculator\Calculator.csproj", "{31F8034B-4071-4EC0-B1BF-F278DE46E18A}"
EndProject
Project("{9A19103F-16F7-4668-BE54-9A1E7A4F7556}") = "CalculatorTests", "CalculatorTests\CalculatorTests.csproj", "{C5665F18-7DDA-403E-B00A-0B703FDDFCC3}"
EndProject
Global
	GlobalSection(SolutionConfigurationPlatforms) = preSolution
		Debug|Any CPU = Debug|Any CPU
		Release|Any CPU = Release|Any CPU
	EndGlobalSection
	GlobalSection(ProjectConfigurationPlatforms) = postSolution
		{31F8034B-4071-4EC0-B1BF-F278DE46E18A}.Debug|Any CPU.ActiveCfg = Debug|Any CPU
		{31F8034B-4071-4EC0-B1BF-F278DE46E18A}.Debug|Any CPU.Build.0 = Debug|Any CPU
		{31F8034B-4071-4EC0-B1BF-F278DE46E18A}.Release|Any CPU.ActiveCfg = Release|Any CPU
		{31F8034B-4071-4EC0-B1BF-F278DE46E18A}.Release|Any CPU.Build.0 = Release|Any CPU
		{C5665F18-7DDA-403E-B00A-0B703FDDFCC3}.Debug|Any CPU.ActiveCfg = Debug|Any CPU
		{C5665F18-7DDA-403E-B00A-0B703FDDFCC3}.Debug|Any CPU.Build.0 = Debug|Any CPU
		{C5665F18-7DDA-403E-B00A-0B703FDDFCC3}.Release|Any CPU.ActiveCfg = Release|Any CPU
		{C5665F18-7DDA-403E-B00A-0B703FDDFCC3}.Release|Any CPU.Build.0 = Release|Any CPU
	EndGlobalSection
	GlobalSection(SolutionProperties) = preSolution
		HideSolutionNode = FALSE
	EndGlobalSection
	GlobalSection(ExtensibilityGlobals) = postSolution
		SolutionGuid = {D87A07C8-6FFA-42A8-9BD2-D61D4B768794}
	EndGlobalSection
EndGlobal
