
Microsoft Visual Studio Solution File, Format Version 12.00
# Visual Studio Version 17
VisualStudioVersion = 17.10.34928.147
MinimumVisualStudioVersion = 10.0.40219.1
Project("{FAE04EC0-301F-11D3-BF4B-00C04F79EFBC}") = "AverageWage", "AverageWage.csproj", "{E8D32870-0162-4586-A349-77A63377AAEA}"
EndProject
Global
	GlobalSection(SolutionConfigurationPlatforms) = preSolution
		Debug|Any CPU = Debug|Any CPU
		Release|Any CPU = Release|Any CPU
	EndGlobalSection
	GlobalSection(ProjectConfigurationPlatforms) = postSolution
		{E8D32870-0162-4586-A349-77A63377AAEA}.Debug|Any CPU.ActiveCfg = Debug|Any CPU
		{E8D32870-0162-4586-A349-77A63377AAEA}.Debug|Any CPU.Build.0 = Debug|Any CPU
		{E8D32870-0162-4586-A349-77A63377AAEA}.Release|Any CPU.ActiveCfg = Release|Any CPU
		{E8D32870-0162-4586-A349-77A63377AAEA}.Release|Any CPU.Build.0 = Release|Any CPU
	EndGlobalSection
	GlobalSection(SolutionProperties) = preSolution
		HideSolutionNode = FALSE
	EndGlobalSection
	GlobalSection(ExtensibilityGlobals) = postSolution
		SolutionGuid = {696F0C99-4C24-4F5A-AEE7-DB6DB57BF626}
	EndGlobalSection
EndGlobal
